{
    "_meta": {
        "hash": {
            "sha256": "c475ec3e929e55a7eb48785e953097e778b3f14ecf815f0ba9433b842fd4cd2d"
        },
        "pipfile-spec": 6,
        "requires": {},
        "sources": [
            {
                "name": "pypi",
                "url": "https://pypi.python.org/simple",
                "verify_ssl": true
            }
        ]
    },
    "default": {
        "asgiref": {
            "hashes": [
                "sha256:3e1e3ecc849832fe52ccf2cb6686b7a55f82bb1d6aee72a58826471390335e47",
                "sha256:c343bd80a0bec947a9860adb4c432ffa7db769836c64238fc34bdc3fec84d590"
            ],
            "markers": "python_version >= '3.8'",
            "version": "==3.8.1"
        },
        "backports.tarfile": {
            "hashes": [
                "sha256:77e284d754527b01fb1e6fa8a1afe577858ebe4e9dad8919e34c862cb399bc34",
                "sha256:d75e02c268746e1b8144c278978b6e98e85de6ad16f8e4b0844a154557eca991"
            ],
            "markers": "python_version < '3.12'",
            "version": "==1.2.0"
        },
        "brotli": {
            "hashes": [
                "sha256:03d20af184290887bdea3f0f78c4f737d126c74dc2f3ccadf07e54ceca3bf208",
                "sha256:0541e747cce78e24ea12d69176f6a7ddb690e62c425e01d31cc065e69ce55b48",
                "sha256:069a121ac97412d1fe506da790b3e69f52254b9df4eb665cd42460c837193354",
                "sha256:0b63b949ff929fbc2d6d3ce0e924c9b93c9785d877a21a1b678877ffbbc4423a",
                "sha256:0c6244521dda65ea562d5a69b9a26120769b7a9fb3db2fe9545935ed6735b128",
                "sha256:11d00ed0a83fa22d29bc6b64ef636c4552ebafcef57154b4ddd132f5638fbd1c",
                "sha256:141bd4d93984070e097521ed07e2575b46f817d08f9fa42b16b9b5f27b5ac088",
                "sha256:19c116e796420b0cee3da1ccec3b764ed2952ccfcc298b55a10e5610ad7885f9",
                "sha256:1ab4fbee0b2d9098c74f3057b2bc055a8bd92ccf02f65944a241b4349229185a",
                "sha256:1ae56aca0402a0f9a3431cddda62ad71666ca9d4dc3a10a142b9dce2e3c0cda3",
                "sha256:224e57f6eac61cc449f498cc5f0e1725ba2071a3d4f48d5d9dffba42db196438",
                "sha256:22fc2a8549ffe699bfba2256ab2ed0421a7b8fadff114a3d201794e45a9ff578",
                "sha256:23032ae55523cc7bccb4f6a0bf368cd25ad9bcdcc1990b64a647e7bbcce9cb5b",
                "sha256:2333e30a5e00fe0fe55903c8832e08ee9c3b1382aacf4db26664a16528d51b4b",
                "sha256:2954c1c23f81c2eaf0b0717d9380bd348578a94161a65b3a2afc62c86467dd68",
                "sha256:2de9d02f5bda03d27ede52e8cfe7b865b066fa49258cbab568720aa5be80a47d",
                "sha256:30924eb4c57903d5a7526b08ef4a584acc22ab1ffa085faceb521521d2de32dd",
                "sha256:316cc9b17edf613ac76b1f1f305d2a748f1b976b033b049a6ecdfd5612c70409",
                "sha256:38025d9f30cf4634f8309c6874ef871b841eb3c347e90b0851f63d1ded5212da",
                "sha256:39da8adedf6942d76dc3e46653e52df937a3c4d6d18fdc94a7c29d263b1f5b50",
                "sha256:3d7954194c36e304e1523f55d7042c59dc53ec20dd4e9ea9d151f1b62b4415c0",
                "sha256:4093c631e96fdd49e0377a9c167bfd75b6d0bad2ace734c6eb20b348bc3ea180",
                "sha256:43ce1b9935bfa1ede40028054d7f48b5469cd02733a365eec8a329ffd342915d",
                "sha256:4d4a848d1837973bf0f4b5e54e3bec977d99be36a7895c61abb659301b02c112",
                "sha256:4ed11165dd45ce798d99a136808a794a748d5dc38511303239d4e2363c0695dc",
                "sha256:510b5b1bfbe20e1a7b3baf5fed9e9451873559a976c1a78eebaa3b86c57b4265",
                "sha256:524f35912131cc2cabb00edfd8d573b07f2d9f21fa824bd3fb19725a9cf06327",
                "sha256:587ca6d3cef6e4e868102672d3bd9dc9698c309ba56d41c2b9c85bbb903cdb95",
                "sha256:5b3cc074004d968722f51e550b41a27be656ec48f8afaeeb45ebf65b561481dd",
                "sha256:5eeb539606f18a0b232d4ba45adccde4125592f3f636a6182b4a8a436548b914",
                "sha256:5f4d5ea15c9382135076d2fb28dde923352fe02951e66935a9efaac8f10e81b0",
                "sha256:5fb2ce4b8045c78ebbc7b8f3c15062e435d47e7393cc57c25115cfd49883747a",
                "sha256:6172447e1b368dcbc458925e5ddaf9113477b0ed542df258d84fa28fc45ceea7",
                "sha256:6c3020404e0b5eefd7c9485ccf8393cfb75ec38ce75586e046573c9dc29967a0",
                "sha256:70051525001750221daa10907c77830bc889cb6d865cc0b813d9db7fefc21451",
                "sha256:7905193081db9bfa73b1219140b3d315831cbff0d8941f22da695832f0dd188f",
                "sha256:7c4855522edb2e6ae7fdb58e07c3ba9111e7621a8956f481c68d5d979c93032e",
                "sha256:7e4c4629ddad63006efa0ef968c8e4751c5868ff0b1c5c40f76524e894c50248",
                "sha256:7f4bf76817c14aa98cc6697ac02f3972cb8c3da93e9ef16b9c66573a68014f91",
                "sha256:81de08ac11bcb85841e440c13611c00b67d3bf82698314928d0b676362546724",
                "sha256:861bf317735688269936f755fa136a99d1ed526883859f86e41a5d43c61d8966",
                "sha256:890b5a14ce214389b2cc36ce82f3093f96f4cc730c1cffdbefff77a7c71f2a97",
                "sha256:89f4988c7203739d48c6f806f1e87a1d96e0806d44f0fba61dba81392c9e474d",
                "sha256:8dadd1314583ec0bf2d1379f7008ad627cd6336625d6679cf2f8e67081b83acf",
                "sha256:901032ff242d479a0efa956d853d16875d42157f98951c0230f69e69f9c09bac",
                "sha256:906bc3a79de8c4ae5b86d3d75a8b77e44404b0f4261714306e3ad248d8ab0951",
                "sha256:919e32f147ae93a09fe064d77d5ebf4e35502a8df75c29fb05788528e330fe74",
                "sha256:929811df5462e182b13920da56c6e0284af407d1de637d8e536c5cd00a7daf60",
                "sha256:949f3b7c29912693cee0afcf09acd6ebc04c57af949d9bf77d6101ebb61e388c",
                "sha256:a090ca607cbb6a34b0391776f0cb48062081f5f60ddcce5d11838e67a01928d1",
                "sha256:a1fd8a29719ccce974d523580987b7f8229aeace506952fa9ce1d53a033873c8",
                "sha256:a37b8f0391212d29b3a91a799c8e4a2855e0576911cdfb2515487e30e322253d",
                "sha256:a3daabb76a78f829cafc365531c972016e4aa8d5b4bf60660ad8ecee19df7ccc",
                "sha256:a469274ad18dc0e4d316eefa616d1d0c2ff9da369af19fa6f3daa4f09671fd61",
                "sha256:a599669fd7c47233438a56936988a2478685e74854088ef5293802123b5b2460",
                "sha256:a743e5a28af5f70f9c080380a5f908d4d21d40e8f0e0c8901604d15cfa9ba751",
                "sha256:a77def80806c421b4b0af06f45d65a136e7ac0bdca3c09d9e2ea4e515367c7e9",
                "sha256:aac0411d20e345dc0920bdec5548e438e999ff68d77564d5e9463a7ca9d3e7b1",
                "sha256:ae15b066e5ad21366600ebec29a7ccbc86812ed267e4b28e860b8ca16a2bc474",
                "sha256:be36e3d172dc816333f33520154d708a2657ea63762ec16b62ece02ab5e4daf2",
                "sha256:c8146669223164fc87a7e3de9f81e9423c67a79d6b3447994dfb9c95da16e2d6",
                "sha256:c8fd5270e906eef71d4a8d19b7c6a43760c6abcfcc10c9101d14eb2357418de9",
                "sha256:caf9ee9a5775f3111642d33b86237b05808dafcd6268faa492250e9b78046eb2",
                "sha256:cdad5b9014d83ca68c25d2e9444e28e967ef16e80f6b436918c700c117a85467",
                "sha256:cdbc1fc1bc0bff1cef838eafe581b55bfbffaed4ed0318b724d0b71d4d377619",
                "sha256:ceb64bbc6eac5a140ca649003756940f8d6a7c444a68af170b3187623b43bebf",
                "sha256:d0c5516f0aed654134a2fc936325cc2e642f8a0e096d075209672eb321cff408",
                "sha256:d143fd47fad1db3d7c27a1b1d66162e855b5d50a89666af46e1679c496e8e579",
                "sha256:d192f0f30804e55db0d0e0a35d83a9fead0e9a359a9ed0285dbacea60cc10a84",
                "sha256:db85ecf4e609a48f4b29055f1e144231b90edc90af7481aa731ba2d059226b1b",
                "sha256:de6551e370ef19f8de1807d0a9aa2cdfdce2e85ce88b122fe9f6b2b076837e59",
                "sha256:e1140c64812cb9b06c922e77f1c26a75ec5e3f0fb2bf92cc8c58720dec276752",
                "sha256:e6a904cb26bfefc2f0a6f240bdf5233be78cd2488900a2f846f3c3ac8489ab80",
                "sha256:e84799f09591700a4154154cab9787452925578841a94321d5ee8fb9a9a328f0",
                "sha256:e93dfc1a1165e385cc8239fab7c036fb2cd8093728cbd85097b284d7b99249a2",
                "sha256:efa8b278894b14d6da122a72fefcebc28445f2d3f880ac59d46c90f4c13be9a3",
                "sha256:f0d8a7a6b5983c2496e364b969f0e526647a06b075d034f3297dc66f3b360c64",
                "sha256:f296c40e23065d0d6650c4aefe7470d2a25fffda489bcc3eb66083f3ac9f6643",
                "sha256:f66b5337fa213f1da0d9000bc8dc0cb5b896b726eefd9c6046f699b169c41b9e",
                "sha256:f733d788519c7e3e71f0855c96618720f5d3d60c3cb829d8bbb722dddce37985",
                "sha256:fce1473f3ccc4187f75b4690cfc922628aed4d3dd013d047f95a9b3919a86596",
                "sha256:fd5f17ff8f14003595ab414e45fce13d073e0762394f957182e69035c9f3d7c2",
                "sha256:fdc3ff3bfccdc6b9cc7c342c03aa2400683f0cb891d46e94b64a197910dc4064"
            ],
            "version": "==1.1.0"
        },
        "build": {
            "hashes": [
                "sha256:526263f4870c26f26c433545579475377b2b7588b6f1eac76a001e873ae3e19d",
                "sha256:75e10f767a433d9a86e50d83f418e83efc18ede923ee5ff7df93b6cb0306c5d4"
            ],
            "index": "pypi",
            "markers": "python_version >= '3.8'",
            "version": "==1.2.1"
        },
        "certifi": {
            "hashes": [
                "sha256:5a1e7645bc0ec61a09e26c36f6106dd4cf40c6db3a1fb6352b0244e7fb057c7b",
                "sha256:c198e21b1289c2ab85ee4e67bb4b4ef3ead0892059901a8d5b622f24a1101e90"
            ],
            "markers": "python_version >= '3.6'",
            "version": "==2024.7.4"
        },
        "cffi": {
            "hashes": [
                "sha256:011aff3524d578a9412c8b3cfaa50f2c0bd78e03eb7af7aa5e0df59b158efb2f",
                "sha256:0a048d4f6630113e54bb4b77e315e1ba32a5a31512c31a273807d0027a7e69ab",
                "sha256:0bb15e7acf8ab35ca8b24b90af52c8b391690ef5c4aec3d31f38f0d37d2cc499",
                "sha256:0d46ee4764b88b91f16661a8befc6bfb24806d885e27436fdc292ed7e6f6d058",
                "sha256:0e60821d312f99d3e1569202518dddf10ae547e799d75aef3bca3a2d9e8ee693",
                "sha256:0fdacad9e0d9fc23e519efd5ea24a70348305e8d7d85ecbb1a5fa66dc834e7fb",
                "sha256:14b9cbc8f7ac98a739558eb86fabc283d4d564dafed50216e7f7ee62d0d25377",
                "sha256:17c6d6d3260c7f2d94f657e6872591fe8733872a86ed1345bda872cfc8c74885",
                "sha256:1a2ddbac59dc3716bc79f27906c010406155031a1c801410f1bafff17ea304d2",
                "sha256:2404f3de742f47cb62d023f0ba7c5a916c9c653d5b368cc966382ae4e57da401",
                "sha256:24658baf6224d8f280e827f0a50c46ad819ec8ba380a42448e24459daf809cf4",
                "sha256:24aa705a5f5bd3a8bcfa4d123f03413de5d86e497435693b638cbffb7d5d8a1b",
                "sha256:2770bb0d5e3cc0e31e7318db06efcbcdb7b31bcb1a70086d3177692a02256f59",
                "sha256:331ad15c39c9fe9186ceaf87203a9ecf5ae0ba2538c9e898e3a6967e8ad3db6f",
                "sha256:3aa9d43b02a0c681f0bfbc12d476d47b2b2b6a3f9287f11ee42989a268a1833c",
                "sha256:41f4915e09218744d8bae14759f983e466ab69b178de38066f7579892ff2a555",
                "sha256:4304d4416ff032ed50ad6bb87416d802e67139e31c0bde4628f36a47a3164bfa",
                "sha256:435a22d00ec7d7ea533db494da8581b05977f9c37338c80bc86314bec2619424",
                "sha256:45f7cd36186db767d803b1473b3c659d57a23b5fa491ad83c6d40f2af58e4dbb",
                "sha256:48b389b1fd5144603d61d752afd7167dfd205973a43151ae5045b35793232aa2",
                "sha256:4e67d26532bfd8b7f7c05d5a766d6f437b362c1bf203a3a5ce3593a645e870b8",
                "sha256:516a405f174fd3b88829eabfe4bb296ac602d6a0f68e0d64d5ac9456194a5b7e",
                "sha256:5ba5c243f4004c750836f81606a9fcb7841f8874ad8f3bf204ff5e56332b72b9",
                "sha256:5bdc0f1f610d067c70aa3737ed06e2726fd9d6f7bfee4a351f4c40b6831f4e82",
                "sha256:6107e445faf057c118d5050560695e46d272e5301feffda3c41849641222a828",
                "sha256:6327b572f5770293fc062a7ec04160e89741e8552bf1c358d1a23eba68166759",
                "sha256:669b29a9eca6146465cc574659058ed949748f0809a2582d1f1a324eb91054dc",
                "sha256:6ce01337d23884b21c03869d2f68c5523d43174d4fc405490eb0091057943118",
                "sha256:6d872186c1617d143969defeadac5a904e6e374183e07977eedef9c07c8953bf",
                "sha256:6f76a90c345796c01d85e6332e81cab6d70de83b829cf1d9762d0a3da59c7932",
                "sha256:70d2aa9fb00cf52034feac4b913181a6e10356019b18ef89bc7c12a283bf5f5a",
                "sha256:7cbc78dc018596315d4e7841c8c3a7ae31cc4d638c9b627f87d52e8abaaf2d29",
                "sha256:856bf0924d24e7f93b8aee12a3a1095c34085600aa805693fb7f5d1962393206",
                "sha256:8a98748ed1a1df4ee1d6f927e151ed6c1a09d5ec21684de879c7ea6aa96f58f2",
                "sha256:93a7350f6706b31f457c1457d3a3259ff9071a66f312ae64dc024f049055f72c",
                "sha256:964823b2fc77b55355999ade496c54dde161c621cb1f6eac61dc30ed1b63cd4c",
                "sha256:a003ac9edc22d99ae1286b0875c460351f4e101f8c9d9d2576e78d7e048f64e0",
                "sha256:a0ce71725cacc9ebf839630772b07eeec220cbb5f03be1399e0457a1464f8e1a",
                "sha256:a47eef975d2b8b721775a0fa286f50eab535b9d56c70a6e62842134cf7841195",
                "sha256:a8b5b9712783415695663bd463990e2f00c6750562e6ad1d28e072a611c5f2a6",
                "sha256:a9015f5b8af1bb6837a3fcb0cdf3b874fe3385ff6274e8b7925d81ccaec3c5c9",
                "sha256:aec510255ce690d240f7cb23d7114f6b351c733a74c279a84def763660a2c3bc",
                "sha256:b00e7bcd71caa0282cbe3c90966f738e2db91e64092a877c3ff7f19a1628fdcb",
                "sha256:b50aaac7d05c2c26dfd50c3321199f019ba76bb650e346a6ef3616306eed67b0",
                "sha256:b7b6ea9e36d32582cda3465f54c4b454f62f23cb083ebc7a94e2ca6ef011c3a7",
                "sha256:bb9333f58fc3a2296fb1d54576138d4cf5d496a2cc118422bd77835e6ae0b9cb",
                "sha256:c1c13185b90bbd3f8b5963cd8ce7ad4ff441924c31e23c975cb150e27c2bf67a",
                "sha256:c3b8bd3133cd50f6b637bb4322822c94c5ce4bf0d724ed5ae70afce62187c492",
                "sha256:c5d97162c196ce54af6700949ddf9409e9833ef1003b4741c2b39ef46f1d9720",
                "sha256:c815270206f983309915a6844fe994b2fa47e5d05c4c4cef267c3b30e34dbe42",
                "sha256:cab2eba3830bf4f6d91e2d6718e0e1c14a2f5ad1af68a89d24ace0c6b17cced7",
                "sha256:d1df34588123fcc88c872f5acb6f74ae59e9d182a2707097f9e28275ec26a12d",
                "sha256:d6bdcd415ba87846fd317bee0774e412e8792832e7805938987e4ede1d13046d",
                "sha256:db9a30ec064129d605d0f1aedc93e00894b9334ec74ba9c6bdd08147434b33eb",
                "sha256:dbc183e7bef690c9abe5ea67b7b60fdbca81aa8da43468287dae7b5c046107d4",
                "sha256:dca802c8db0720ce1c49cce1149ff7b06e91ba15fa84b1d59144fef1a1bc7ac2",
                "sha256:dec6b307ce928e8e112a6bb9921a1cb00a0e14979bf28b98e084a4b8a742bd9b",
                "sha256:df8bb0010fdd0a743b7542589223a2816bdde4d94bb5ad67884348fa2c1c67e8",
                "sha256:e4094c7b464cf0a858e75cd14b03509e84789abf7b79f8537e6a72152109c76e",
                "sha256:e4760a68cab57bfaa628938e9c2971137e05ce48e762a9cb53b76c9b569f1204",
                "sha256:eb09b82377233b902d4c3fbeeb7ad731cdab579c6c6fda1f763cd779139e47c3",
                "sha256:eb862356ee9391dc5a0b3cbc00f416b48c1b9a52d252d898e5b7696a5f9fe150",
                "sha256:ef9528915df81b8f4c7612b19b8628214c65c9b7f74db2e34a646a0a2a0da2d4",
                "sha256:f3157624b7558b914cb039fd1af735e5e8049a87c817cc215109ad1c8779df76",
                "sha256:f3e0992f23bbb0be00a921eae5363329253c3b86287db27092461c887b791e5e",
                "sha256:f9338cc05451f1942d0d8203ec2c346c830f8e86469903d5126c1f0a13a2bcbb",
                "sha256:ffef8fd58a36fb5f1196919638f73dd3ae0db1a878982b27a9a5a176ede4ba91"
            ],
            "markers": "platform_python_implementation != 'PyPy'",
            "version": "==1.17.0"
        },
        "charset-normalizer": {
            "hashes": [
                "sha256:06435b539f889b1f6f4ac1758871aae42dc3a8c0e24ac9e60c2384973ad73027",
                "sha256:06a81e93cd441c56a9b65d8e1d043daeb97a3d0856d177d5c90ba85acb3db087",
                "sha256:0a55554a2fa0d408816b3b5cedf0045f4b8e1a6065aec45849de2d6f3f8e9786",
                "sha256:0b2b64d2bb6d3fb9112bafa732def486049e63de9618b5843bcdd081d8144cd8",
                "sha256:10955842570876604d404661fbccbc9c7e684caf432c09c715ec38fbae45ae09",
                "sha256:122c7fa62b130ed55f8f285bfd56d5f4b4a5b503609d181f9ad85e55c89f4185",
                "sha256:1ceae2f17a9c33cb48e3263960dc5fc8005351ee19db217e9b1bb15d28c02574",
                "sha256:1d3193f4a680c64b4b6a9115943538edb896edc190f0b222e73761716519268e",
                "sha256:1f79682fbe303db92bc2b1136016a38a42e835d932bab5b3b1bfcfbf0640e519",
                "sha256:2127566c664442652f024c837091890cb1942c30937add288223dc895793f898",
                "sha256:22afcb9f253dac0696b5a4be4a1c0f8762f8239e21b99680099abd9b2b1b2269",
                "sha256:25baf083bf6f6b341f4121c2f3c548875ee6f5339300e08be3f2b2ba1721cdd3",
                "sha256:2e81c7b9c8979ce92ed306c249d46894776a909505d8f5a4ba55b14206e3222f",
                "sha256:3287761bc4ee9e33561a7e058c72ac0938c4f57fe49a09eae428fd88aafe7bb6",
                "sha256:34d1c8da1e78d2e001f363791c98a272bb734000fcef47a491c1e3b0505657a8",
                "sha256:37e55c8e51c236f95b033f6fb391d7d7970ba5fe7ff453dad675e88cf303377a",
                "sha256:3d47fa203a7bd9c5b6cee4736ee84ca03b8ef23193c0d1ca99b5089f72645c73",
                "sha256:3e4d1f6587322d2788836a99c69062fbb091331ec940e02d12d179c1d53e25fc",
                "sha256:42cb296636fcc8b0644486d15c12376cb9fa75443e00fb25de0b8602e64c1714",
                "sha256:45485e01ff4d3630ec0d9617310448a8702f70e9c01906b0d0118bdf9d124cf2",
                "sha256:4a78b2b446bd7c934f5dcedc588903fb2f5eec172f3d29e52a9096a43722adfc",
                "sha256:4ab2fe47fae9e0f9dee8c04187ce5d09f48eabe611be8259444906793ab7cbce",
                "sha256:4d0d1650369165a14e14e1e47b372cfcb31d6ab44e6e33cb2d4e57265290044d",
                "sha256:549a3a73da901d5bc3ce8d24e0600d1fa85524c10287f6004fbab87672bf3e1e",
                "sha256:55086ee1064215781fff39a1af09518bc9255b50d6333f2e4c74ca09fac6a8f6",
                "sha256:572c3763a264ba47b3cf708a44ce965d98555f618ca42c926a9c1616d8f34269",
                "sha256:573f6eac48f4769d667c4442081b1794f52919e7edada77495aaed9236d13a96",
                "sha256:5b4c145409bef602a690e7cfad0a15a55c13320ff7a3ad7ca59c13bb8ba4d45d",
                "sha256:6463effa3186ea09411d50efc7d85360b38d5f09b870c48e4600f63af490e56a",
                "sha256:65f6f63034100ead094b8744b3b97965785388f308a64cf8d7c34f2f2e5be0c4",
                "sha256:663946639d296df6a2bb2aa51b60a2454ca1cb29835324c640dafb5ff2131a77",
                "sha256:6897af51655e3691ff853668779c7bad41579facacf5fd7253b0133308cf000d",
                "sha256:68d1f8a9e9e37c1223b656399be5d6b448dea850bed7d0f87a8311f1ff3dabb0",
                "sha256:6ac7ffc7ad6d040517be39eb591cac5ff87416c2537df6ba3cba3bae290c0fed",
                "sha256:6b3251890fff30ee142c44144871185dbe13b11bab478a88887a639655be1068",
                "sha256:6c4caeef8fa63d06bd437cd4bdcf3ffefe6738fb1b25951440d80dc7df8c03ac",
                "sha256:6ef1d82a3af9d3eecdba2321dc1b3c238245d890843e040e41e470ffa64c3e25",
                "sha256:753f10e867343b4511128c6ed8c82f7bec3bd026875576dfd88483c5c73b2fd8",
                "sha256:7cd13a2e3ddeed6913a65e66e94b51d80a041145a026c27e6bb76c31a853c6ab",
                "sha256:7ed9e526742851e8d5cc9e6cf41427dfc6068d4f5a3bb03659444b4cabf6bc26",
                "sha256:7f04c839ed0b6b98b1a7501a002144b76c18fb1c1850c8b98d458ac269e26ed2",
                "sha256:802fe99cca7457642125a8a88a084cef28ff0cf9407060f7b93dca5aa25480db",
                "sha256:80402cd6ee291dcb72644d6eac93785fe2c8b9cb30893c1af5b8fdd753b9d40f",
                "sha256:8465322196c8b4d7ab6d1e049e4c5cb460d0394da4a27d23cc242fbf0034b6b5",
                "sha256:86216b5cee4b06df986d214f664305142d9c76df9b6512be2738aa72a2048f99",
                "sha256:87d1351268731db79e0f8e745d92493ee2841c974128ef629dc518b937d9194c",
                "sha256:8bdb58ff7ba23002a4c5808d608e4e6c687175724f54a5dade5fa8c67b604e4d",
                "sha256:8c622a5fe39a48f78944a87d4fb8a53ee07344641b0562c540d840748571b811",
                "sha256:8d756e44e94489e49571086ef83b2bb8ce311e730092d2c34ca8f7d925cb20aa",
                "sha256:8f4a014bc36d3c57402e2977dada34f9c12300af536839dc38c0beab8878f38a",
                "sha256:9063e24fdb1e498ab71cb7419e24622516c4a04476b17a2dab57e8baa30d6e03",
                "sha256:90d558489962fd4918143277a773316e56c72da56ec7aa3dc3dbbe20fdfed15b",
                "sha256:923c0c831b7cfcb071580d3f46c4baf50f174be571576556269530f4bbd79d04",
                "sha256:95f2a5796329323b8f0512e09dbb7a1860c46a39da62ecb2324f116fa8fdc85c",
                "sha256:96b02a3dc4381e5494fad39be677abcb5e6634bf7b4fa83a6dd3112607547001",
                "sha256:9f96df6923e21816da7e0ad3fd47dd8f94b2a5ce594e00677c0013018b813458",
                "sha256:a10af20b82360ab00827f916a6058451b723b4e65030c5a18577c8b2de5b3389",
                "sha256:a50aebfa173e157099939b17f18600f72f84eed3049e743b68ad15bd69b6bf99",
                "sha256:a981a536974bbc7a512cf44ed14938cf01030a99e9b3a06dd59578882f06f985",
                "sha256:a9a8e9031d613fd2009c182b69c7b2c1ef8239a0efb1df3f7c8da66d5dd3d537",
                "sha256:ae5f4161f18c61806f411a13b0310bea87f987c7d2ecdbdaad0e94eb2e404238",
                "sha256:aed38f6e4fb3f5d6bf81bfa990a07806be9d83cf7bacef998ab1a9bd660a581f",
                "sha256:b01b88d45a6fcb69667cd6d2f7a9aeb4bf53760d7fc536bf679ec94fe9f3ff3d",
                "sha256:b261ccdec7821281dade748d088bb6e9b69e6d15b30652b74cbbac25e280b796",
                "sha256:b2b0a0c0517616b6869869f8c581d4eb2dd83a4d79e0ebcb7d373ef9956aeb0a",
                "sha256:b4a23f61ce87adf89be746c8a8974fe1c823c891d8f86eb218bb957c924bb143",
                "sha256:bd8f7df7d12c2db9fab40bdd87a7c09b1530128315d047a086fa3ae3435cb3a8",
                "sha256:beb58fe5cdb101e3a055192ac291b7a21e3b7ef4f67fa1d74e331a7f2124341c",
                "sha256:c002b4ffc0be611f0d9da932eb0f704fe2602a9a949d1f738e4c34c75b0863d5",
                "sha256:c083af607d2515612056a31f0a8d9e0fcb5876b7bfc0abad3ecd275bc4ebc2d5",
                "sha256:c180f51afb394e165eafe4ac2936a14bee3eb10debc9d9e4db8958fe36afe711",
                "sha256:c235ebd9baae02f1b77bcea61bce332cb4331dc3617d254df3323aa01ab47bd4",
                "sha256:cd70574b12bb8a4d2aaa0094515df2463cb429d8536cfb6c7ce983246983e5a6",
                "sha256:d0eccceffcb53201b5bfebb52600a5fb483a20b61da9dbc885f8b103cbe7598c",
                "sha256:d965bba47ddeec8cd560687584e88cf699fd28f192ceb452d1d7ee807c5597b7",
                "sha256:db364eca23f876da6f9e16c9da0df51aa4f104a972735574842618b8c6d999d4",
                "sha256:ddbb2551d7e0102e7252db79ba445cdab71b26640817ab1e3e3648dad515003b",
                "sha256:deb6be0ac38ece9ba87dea880e438f25ca3eddfac8b002a2ec3d9183a454e8ae",
                "sha256:e06ed3eb3218bc64786f7db41917d4e686cc4856944f53d5bdf83a6884432e12",
                "sha256:e27ad930a842b4c5eb8ac0016b0a54f5aebbe679340c26101df33424142c143c",
                "sha256:e537484df0d8f426ce2afb2d0f8e1c3d0b114b83f8850e5f2fbea0e797bd82ae",
                "sha256:eb00ed941194665c332bf8e078baf037d6c35d7c4f3102ea2d4f16ca94a26dc8",
                "sha256:eb6904c354526e758fda7167b33005998fb68c46fbc10e013ca97f21ca5c8887",
                "sha256:eb8821e09e916165e160797a6c17edda0679379a4be5c716c260e836e122f54b",
                "sha256:efcb3f6676480691518c177e3b465bcddf57cea040302f9f4e6e191af91174d4",
                "sha256:f27273b60488abe721a075bcca6d7f3964f9f6f067c8c4c605743023d7d3944f",
                "sha256:f30c3cb33b24454a82faecaf01b19c18562b1e89558fb6c56de4d9118a032fd5",
                "sha256:fb69256e180cb6c8a894fee62b3afebae785babc1ee98b81cdf68bbca1987f33",
                "sha256:fd1abc0d89e30cc4e02e4064dc67fcc51bd941eb395c502aac3ec19fab46b519",
                "sha256:ff8fa367d09b717b2a17a052544193ad76cd49979c805768879cb63d9ca50561"
            ],
            "markers": "python_full_version >= '3.7.0'",
            "version": "==3.3.2"
        },
        "cryptography": {
            "hashes": [
                "sha256:01911714117642a3f1792c7f376db572aadadbafcd8d75bb527166009c9f1d1b",
                "sha256:0e89f7b84f421c56e7ff69f11c441ebda73b8a8e6488d322ef71746224c20fce",
                "sha256:12d341bd42cdb7d4937b0cabbdf2a94f949413ac4504904d0cdbdce4a22cbf88",
                "sha256:15a1fb843c48b4a604663fa30af60818cd28f895572386e5f9b8a665874c26e7",
                "sha256:1cdcdbd117681c88d717437ada72bdd5be9de117f96e3f4d50dab3f59fd9ab20",
                "sha256:1df6fcbf60560d2113b5ed90f072dc0b108d64750d4cbd46a21ec882c7aefce9",
                "sha256:3c6048f217533d89f2f8f4f0fe3044bf0b2090453b7b73d0b77db47b80af8dff",
                "sha256:3e970a2119507d0b104f0a8e281521ad28fc26f2820687b3436b8c9a5fcf20d1",
                "sha256:44a64043f743485925d3bcac548d05df0f9bb445c5fcca6681889c7c3ab12764",
                "sha256:4e36685cb634af55e0677d435d425043967ac2f3790ec652b2b88ad03b85c27b",
                "sha256:5f8907fcf57392cd917892ae83708761c6ff3c37a8e835d7246ff0ad251d9298",
                "sha256:69b22ab6506a3fe483d67d1ed878e1602bdd5912a134e6202c1ec672233241c1",
                "sha256:6bfadd884e7280df24d26f2186e4e07556a05d37393b0f220a840b083dc6a824",
                "sha256:6d0fbe73728c44ca3a241eff9aefe6496ab2656d6e7a4ea2459865f2e8613257",
                "sha256:6ffb03d419edcab93b4b19c22ee80c007fb2d708429cecebf1dd3258956a563a",
                "sha256:810bcf151caefc03e51a3d61e53335cd5c7316c0a105cc695f0959f2c638b129",
                "sha256:831a4b37accef30cccd34fcb916a5d7b5be3cbbe27268a02832c3e450aea39cb",
                "sha256:887623fe0d70f48ab3f5e4dbf234986b1329a64c066d719432d0698522749929",
                "sha256:a0298bdc6e98ca21382afe914c642620370ce0470a01e1bef6dd9b5354c36854",
                "sha256:a1327f280c824ff7885bdeef8578f74690e9079267c1c8bd7dc5cc5aa065ae52",
                "sha256:c1f25b252d2c87088abc8bbc4f1ecbf7c919e05508a7e8628e6875c40bc70923",
                "sha256:c3a5cbc620e1e17009f30dd34cb0d85c987afd21c41a74352d1719be33380885",
                "sha256:ce8613beaffc7c14f091497346ef117c1798c202b01153a8cc7b8e2ebaaf41c0",
                "sha256:d2a27aca5597c8a71abbe10209184e1a8e91c1fd470b5070a2ea60cafec35bcd",
                "sha256:dad9c385ba8ee025bb0d856714f71d7840020fe176ae0229de618f14dae7a6e2",
                "sha256:db4b65b02f59035037fde0998974d84244a64c3265bdef32a827ab9b63d61b18",
                "sha256:e09469a2cec88fb7b078e16d4adec594414397e8879a4341c6ace96013463d5b",
                "sha256:e53dc41cda40b248ebc40b83b31516487f7db95ab8ceac1f042626bc43a2f992",
                "sha256:f1e85a178384bf19e36779d91ff35c7617c885da487d689b05c1366f9933ad74",
                "sha256:f47be41843200f7faec0683ad751e5ef11b9a56a220d57f300376cd8aba81660",
                "sha256:fb0cef872d8193e487fc6bdb08559c3aa41b659a7d9be48b2e10747f47863925",
                "sha256:ffc73996c4fca3d2b6c1c8c12bfd3ad00def8621da24f547626bf06441400449"
            ],
            "index": "pypi",
            "markers": "python_version >= '3.7'",
            "version": "==42.0.4"
        },
        "defusedxml": {
            "hashes": [
                "sha256:138c7d540a78775182206c7c97fe65b246a2f40b29471e1a2f1b0da76e7a3942",
                "sha256:1c812964311154c3bf4aaf3bc1443b31ee13530b7f255eaaa062c0553c76103d"
            ],
            "markers": "python_version >= '3.6'",
            "version": "==0.8.0rc2"
        },
        "django": {
            "hashes": [
                "sha256:61ee4a130efb8c451ef3467c67ca99fdce400fedd768634efc86a68c18d80d30",
                "sha256:c77f926b81129493961e19c0e02188f8d07c112a1162df69bfab178ae447f94a"
            ],
            "index": "pypi",
            "markers": "python_version >= '3.8'",
            "version": "==4.2.15"
        },
        "django-auth-ldap": {
            "hashes": [
                "sha256:4b4b944f3c28bce362f33fb6e8db68429ed8fd8f12f0c0c4b1a4344a7ef225ce",
                "sha256:604250938ddc9fda619f247c7a59b0b2f06e53a7d3f46a156f28aa30dd71a738"
            ],
            "index": "pypi",
            "markers": "python_version >= '3.8'",
            "version": "==4.8.0"
        },
        "django-bootstrap5": {
            "hashes": [
                "sha256:6a5d83e9ff1952f7c07c54cebcb76c85f09787b8b57eeb4ec07554cd583acc64",
                "sha256:a3cee2b3d45745210c5b898af2917f310f44df746269fe09a93be28a0adc2a4b"
            ],
            "index": "pypi",
            "markers": "python_version >= '3.8'",
            "version": "==24.2"
        },
        "django-filter": {
            "hashes": [
                "sha256:c4852822928ce17fb699bcfccd644b3574f1a2d80aeb2b4ff4f16b02dd49dc64",
                "sha256:d8ccaf6732afd21ca0542f6733b11591030fa98669f8d15599b358e24a2cd9c3"
            ],
            "index": "pypi",
            "markers": "python_version >= '3.8'",
            "version": "==24.3"
        },
        "django-htmx": {
            "hashes": [
                "sha256:875a642814e52278c1728842436beda2001847a493ab79fd82da3fb46ead140f",
                "sha256:e7e17304e78e07f96eca0affc3ce1806edfdf3538bb7cb1912452b101f3e627d"
            ],
            "index": "pypi",
            "markers": "python_version >= '3.8'",
            "version": "==1.19.0"
        },
        "django-webpack-loader": {
            "hashes": [
                "sha256:5c35f8ad9ce0d0360b120abd9a6da6f043a6ff97a4ae7d0fa246d64af012983f",
                "sha256:b06b83ca819ed4bbb858ab57b8d8cb67a25c4a57ed822dedd4e9fee4c097afd5"
            ],
            "index": "pypi",
            "version": "==3.1.0"
        },
        "djangorestframework": {
            "hashes": [
                "sha256:2b8871b062ba1aefc2de01f773875441a961fefbf79f5eed1e32b2f096944b20",
                "sha256:36fe88cd2d6c6bec23dca9804bab2ba5517a8bb9d8f47ebc68981b56840107ad"
            ],
            "index": "pypi",
            "markers": "python_version >= '3.8'",
            "version": "==3.15.2"
        },
        "docutils": {
            "hashes": [
                "sha256:3a6b18732edf182daa3cd12775bbb338cf5691468f91eeeb109deff6ebfa986f",
                "sha256:dafca5b9e384f0e419294eb4d2ff9fa826435bf15f15b7bd45723e8ad76811b2"
            ],
            "markers": "python_version >= '3.9'",
            "version": "==0.21.2"
        },
        "gunicorn": {
            "hashes": [
                "sha256:ec400d38950de4dfd418cff8328b2c8faed0edb0d517d3394e457c317908ca4d",
                "sha256:f014447a0101dc57e294f6c18ca6b40227a4c90e9bdb586042628030cba004ec"
            ],
            "index": "pypi",
            "markers": "python_version >= '3.7'",
            "version": "==23.0.0"
        },
        "hashids": {
            "hashes": [
                "sha256:6c3dc775e65efc2ce2c157a65acb776d634cb814598f406469abef00ae3f635c",
                "sha256:8bddd1acba501bfc9306e7e5a99a1667f4f2cacdc20cbd70bcc5ddfa5147c94c"
            ],
            "index": "pypi",
            "markers": "python_version >= '2.7'",
            "version": "==1.3.1"
        },
        "huey": {
            "hashes": [
                "sha256:8a323783ab434a095a4e72b8c48c5b8f957f9031fa860474a390a0927e957112"
            ],
            "index": "pypi",
            "version": "==2.5.1"
        },
        "idna": {
            "hashes": [
                "sha256:028ff3aadf0609c1fd278d8ea3089299412a7a8b9bd005dd08b9f8285bcb5cfc",
                "sha256:82fee1fc78add43492d3a1898bfa6d8a904cc97d8427f683ed8e798d07761aa0"
            ],
            "markers": "python_version >= '3.5'",
            "version": "==3.7"
        },
        "importlib-metadata": {
            "hashes": [
                "sha256:42817a4a0be5845d22c6e212db66a94ad261e2318d80b3e0d363894a79df2b67",
                "sha256:9c8fa6e8ea0f9516ad5c8db9246a731c948193c7754d3babb0114a05b27dd364"
            ],
            "markers": "python_version >= '3.8'",
            "version": "==8.3.0"
        },
        "jaraco.classes": {
            "hashes": [
                "sha256:47a024b51d0239c0dd8c8540c6c7f484be3b8fcf0b2d85c13825780d3b3f3acd",
                "sha256:f662826b6bed8cace05e7ff873ce0f9283b5c924470fe664fff1c2f00f581790"
            ],
            "markers": "python_version >= '3.8'",
            "version": "==3.4.0"
        },
        "jaraco.context": {
            "hashes": [
                "sha256:9bae4ea555cf0b14938dc0aee7c9f32ed303aa20a3b73e7dc80111628792d1b3",
                "sha256:f797fc481b490edb305122c9181830a3a5b76d84ef6d1aef2fb9b47ab956f9e4"
            ],
            "markers": "python_version >= '3.8'",
            "version": "==6.0.1"
        },
        "jaraco.functools": {
            "hashes": [
                "sha256:3460c74cd0d32bf82b9576bbb3527c4364d5b27a21f5158a62aed6c4b42e23f5",
                "sha256:c9d16a3ed4ccb5a889ad8e0b7a343401ee5b2a71cee6ed192d3f68bc351e94e3"
            ],
            "markers": "python_version >= '3.8'",
            "version": "==4.0.2"
        },
        "keyring": {
            "hashes": [
                "sha256:8d85a1ea5d6db8515b59e1c5d1d1678b03cf7fc8b8dcfb1651e8c4a524eb42ef",
                "sha256:8d963da00ccdf06e356acd9bf3b743208878751032d8599c6cc89eb51310ffae"
            ],
            "markers": "python_version >= '3.8'",
            "version": "==25.3.0"
        },
        "markdown-it-py": {
            "hashes": [
                "sha256:355216845c60bd96232cd8d8c40e8f9765cc86f46880e43a8fd22dc1a1a8cab1",
                "sha256:e3f60a94fa066dc52ec76661e37c851cb232d92f9886b15cb560aaada2df8feb"
            ],
            "markers": "python_version >= '3.8'",
            "version": "==3.0.0"
        },
        "mdurl": {
            "hashes": [
                "sha256:84008a41e51615a49fc9966191ff91509e3c40b939176e643fd50a5c2196b8f8",
                "sha256:bb413d29f5eea38f31dd4754dd7377d4465116fb207585f97bf925588687c1ba"
            ],
            "markers": "python_version >= '3.7'",
            "version": "==0.1.2"
        },
        "more-itertools": {
            "hashes": [
                "sha256:0f7d9f83a0a8dcfa8a2694a770590d98a67ea943e3d9f5298309a484758c4e27",
                "sha256:fe0e63c4ab068eac62410ab05cccca2dc71ec44ba8ef29916a0090df061cf923"
            ],
            "markers": "python_version >= '3.8'",
            "version": "==10.4.0"
        },
        "nh3": {
            "hashes": [
                "sha256:0411beb0589eacb6734f28d5497ca2ed379eafab8ad8c84b31bb5c34072b7164",
                "sha256:14c5a72e9fe82aea5fe3072116ad4661af5cf8e8ff8fc5ad3450f123e4925e86",
                "sha256:19aaba96e0f795bd0a6c56291495ff59364f4300d4a39b29a0abc9cb3774a84b",
                "sha256:34c03fa78e328c691f982b7c03d4423bdfd7da69cd707fe572f544cf74ac23ad",
                "sha256:36c95d4b70530b320b365659bb5034341316e6a9b30f0b25fa9c9eff4c27a204",
                "sha256:3a157ab149e591bb638a55c8c6bcb8cdb559c8b12c13a8affaba6cedfe51713a",
                "sha256:42c64511469005058cd17cc1537578eac40ae9f7200bedcfd1fc1a05f4f8c200",
                "sha256:5f36b271dae35c465ef5e9090e1fdaba4a60a56f0bb0ba03e0932a66f28b9189",
                "sha256:6955369e4d9f48f41e3f238a9e60f9410645db7e07435e62c6a9ea6135a4907f",
                "sha256:7b7c2a3c9eb1a827d42539aa64091640bd275b81e097cd1d8d82ef91ffa2e811",
                "sha256:8ce0f819d2f1933953fca255db2471ad58184a60508f03e6285e5114b6254844",
                "sha256:94a166927e53972a9698af9542ace4e38b9de50c34352b962f4d9a7d4c927af4",
                "sha256:a7f1b5b2c15866f2db413a3649a8fe4fd7b428ae58be2c0f6bca5eefd53ca2be",
                "sha256:c8b3a1cebcba9b3669ed1a84cc65bf005728d2f0bc1ed2a6594a992e817f3a50",
                "sha256:de3ceed6e661954871d6cd78b410213bdcb136f79aafe22aa7182e028b8c7307",
                "sha256:f0eca9ca8628dbb4e916ae2491d72957fdd35f7a5d326b7032a345f111ac07fe"
            ],
            "version": "==0.2.18"
        },
        "oauthlib": {
            "hashes": [
                "sha256:8139f29aac13e25d502680e9e19963e83f16838d48a0d71c287fe40e7067fbca",
                "sha256:9859c40929662bec5d64f34d01c99e093149682a3f38915dc0655d5a633dd918"
            ],
            "markers": "python_version >= '3.6'",
            "version": "==3.2.2"
        },
        "packaging": {
            "hashes": [
                "sha256:026ed72c8ed3fcce5bf8950572258698927fd1dbda10a5e981cdf0ac37f4f002",
                "sha256:5b8f2217dbdbd2f7f384c41c628544e6d52f2d0f53c6d0c3ea61aa5d1d7ff124"
            ],
            "markers": "python_version >= '3.8'",
            "version": "==24.1"
        },
        "pkginfo": {
            "hashes": [
                "sha256:5df73835398d10db79f8eecd5cd86b1f6d29317589ea70796994d49399af6297",
                "sha256:889a6da2ed7ffc58ab5b900d888ddce90bce912f2d2de1dc1c26f4cb9fe65097"
            ],
            "markers": "python_version >= '3.6'",
            "version": "==1.10.0"
        },
        "psycopg": {
            "hashes": [
                "sha256:dc8da6dc8729dacacda3cc2f17d2c9397a70a66cf0d2b69c91065d60d5f00cb7",
                "sha256:ece385fb413a37db332f97c49208b36cf030ff02b199d7635ed2fbd378724175"
            ],
            "index": "pypi",
            "markers": "python_version >= '3.8'",
            "version": "==3.2.1"
        },
        "pyasn1": {
            "hashes": [
                "sha256:3a35ab2c4b5ef98e17dfdec8ab074046fbda76e281c5a706ccd82328cfc8f64c",
                "sha256:cca4bb0f2df5504f02f6f8a775b6e416ff9b0b3b16f7ee80b5a3153d9b804473"
            ],
            "markers": "python_version >= '3.8'",
            "version": "==0.6.0"
        },
        "pyasn1-modules": {
            "hashes": [
                "sha256:831dbcea1b177b28c9baddf4c6d1013c24c3accd14a1873fffaa6a2e905f17b6",
                "sha256:be04f15b66c206eed667e0bb5ab27e2b1855ea54a842e5037738099e8ca4ae0b"
            ],
            "markers": "python_version >= '3.8'",
            "version": "==0.4.0"
        },
        "pycparser": {
            "hashes": [
                "sha256:491c8be9c040f5390f5bf44a5b07752bd07f56edf992381b05c701439eec10f6",
                "sha256:c3702b6d3dd8c7abc1afa565d7e63d53a1d0bd86cdc24edd75470f4de499cfcc"
            ],
            "markers": "python_version >= '3.8'",
            "version": "==2.22"
        },
        "pygments": {
            "hashes": [
                "sha256:786ff802f32e91311bff3889f6e9a86e81505fe99f2735bb6d60ae0c5004f199",
                "sha256:b8e6aca0523f3ab76fee51799c488e38782ac06eafcf95e7ba832985c8e7b13a"
            ],
            "markers": "python_version >= '3.8'",
            "version": "==2.18.0"
        },
        "pyjwt": {
            "hashes": [
                "sha256:3b02fb0f44517787776cf48f2ae25d8e14f300e6d7545a4315cee571a415e850",
                "sha256:7e1e5b56cc735432a7369cbfa0efe50fa113ebecdc04ae6922deba8b84582d0c"
            ],
            "markers": "python_version >= '3.8'",
            "version": "==2.9.0"
        },
        "pyproject-hooks": {
            "hashes": [
                "sha256:4b37730834edbd6bd37f26ece6b44802fb1c1ee2ece0e54ddff8bfc06db86965",
                "sha256:7ceeefe9aec63a1064c18d939bdc3adf2d8aa1988a510afec15151578b232aa2"
            ],
            "markers": "python_version >= '3.7'",
            "version": "==1.1.0"
        },
        "python-ldap": {
            "hashes": [
                "sha256:7edb0accec4e037797705f3a05cbf36a9fde50d08c8f67f2aef99a2628fab828"
            ],
            "markers": "python_version >= '3.6'",
            "version": "==3.4.4"
        },
        "python3-openid": {
            "hashes": [
                "sha256:33fbf6928f401e0b790151ed2b5290b02545e8775f982485205a066f874aaeaf",
                "sha256:6626f771e0417486701e0b4daff762e7212e820ca5b29fcc0d05f6f8736dfa6b"
            ],
            "version": "==3.2.0"
        },
        "pytz": {
            "hashes": [
                "sha256:7b4fddbeb94a1eba4b557da24f19fdf9db575192544270a9101d8509f9f43d7b",
                "sha256:ce42d816b81b68506614c11e8937d3aa9e41007ceb50bfdcb0749b921bf646c7"
            ],
            "index": "pypi",
            "version": "==2023.3.post1"
        },
        "readme-renderer": {
            "hashes": [
                "sha256:2fbca89b81a08526aadf1357a8c2ae889ec05fb03f5da67f9769c9a592166151",
                "sha256:8712034eabbfa6805cacf1402b4eeb2a73028f72d1166d6f5cb7f9c047c5d1e1"
            ],
            "markers": "python_version >= '3.9'",
            "version": "==44.0"
        },
        "requests": {
            "hashes": [
                "sha256:55365417734eb18255590a9ff9eb97e9e1da868d4ccd6402399eaf68af20a760",
                "sha256:70761cfe03c773ceb22aa2f671b4757976145175cdfca038c02654d061d6dcc6"
            ],
            "index": "pypi",
            "markers": "python_version >= '3.8'",
            "version": "==2.32.3"
        },
        "requests-oauthlib": {
            "hashes": [
                "sha256:7dd8a5c40426b779b0868c404bdef9768deccf22749cde15852df527e6269b36",
                "sha256:b3dffaebd884d8cd778494369603a9e7b58d29111bf6b41bdc2dcd87203af4e9"
            ],
            "markers": "python_version >= '3.4'",
            "version": "==2.0.0"
        },
        "requests-toolbelt": {
            "hashes": [
                "sha256:7681a0a3d047012b5bdc0ee37d7f8f07ebe76ab08caeccfc3921ce23c88d5bc6",
                "sha256:cccfdd665f0a24fcf4726e690f65639d272bb0637b9b92dfd91a5568ccf6bd06"
            ],
            "markers": "python_version >= '2.7' and python_version not in '3.0, 3.1, 3.2, 3.3'",
            "version": "==1.0.0"
        },
        "rfc3986": {
            "hashes": [
                "sha256:50b1502b60e289cb37883f3dfd34532b8873c7de9f49bb546641ce9cbd256ebd",
                "sha256:97aacf9dbd4bfd829baad6e6309fa6573aaf1be3f6fa735c8ab05e46cecb261c"
            ],
            "markers": "python_version >= '3.7'",
            "version": "==2.0.0"
        },
        "rich": {
            "hashes": [
                "sha256:4edbae314f59eb482f54e9e30bf00d33350aaa94f4bfcd4e9e3110e64d0d7222",
                "sha256:9be308cb1fe2f1f57d67ce99e95af38a1e2bc71ad9813b0e247cf7ffbcc3a432"
            ],
            "markers": "python_full_version >= '3.7.0'",
            "version": "==13.7.1"
        },
        "social-auth-app-django": {
            "hashes": [
                "sha256:0c041a31707921aef9a930f143183c65d8c7b364381364a50f3f7c6fcc9d62f6",
                "sha256:c8832c6cf13da6ad76f5613bcda2647d89ae7cfbc5217fadd13477a3406feaa8"
            ],
            "index": "pypi",
            "markers": "python_version >= '3.8'",
            "version": "==5.4.2"
        },
        "social-auth-core": {
            "hashes": [
                "sha256:33cf970a623c442376f9d4a86fb187579e4438649daa5b5be993d05e74d7b2db",
                "sha256:d3dbeb0999ffd0e68aa4bd73f2ac698a18133fd11b3fc890e1366f18c8889fac"
            ],
            "markers": "python_version >= '3.8'",
            "version": "==4.5.4"
        },
        "sqlparse": {
            "hashes": [
                "sha256:773dcbf9a5ab44a090f3441e2180efe2560220203dc2f8c0b0fa141e18b505e4",
                "sha256:bb6b4df465655ef332548e24f08e205afc81b9ab86cb1c45657a7ff173a3a00e"
            ],
            "markers": "python_version >= '3.8'",
            "version": "==0.5.1"
        },
        "twine": {
            "hashes": [
                "sha256:215dbe7b4b94c2c50a7315c0275d2258399280fbb7d04182c7e55e24b5f93997",
                "sha256:9aa0825139c02b3434d913545c7b847a21c835e11597f5255842d457da2322db"
            ],
            "index": "pypi",
            "markers": "python_version >= '3.8'",
            "version": "==5.1.1"
        },
        "typing-extensions": {
            "hashes": [
                "sha256:04e5ca0351e0f3f85c6853954072df659d0d13fac324d0072316b67d7794700d",
                "sha256:1a7ead55c7e559dd4dee8856e3a88b41225abfe1ce8df57b7c13915fe121ffb8"
            ],
            "markers": "python_version >= '3.8'",
            "version": "==4.12.2"
        },
        "urllib3": {
            "hashes": [
                "sha256:a448b2f64d686155468037e1ace9f2d2199776e17f0a46610480d311f73e3472",
                "sha256:dd505485549a7a552833da5e6063639d0d177c04f23bc3864e41e5dc5f612168"
            ],
            "markers": "python_version >= '3.8'",
            "version": "==2.2.2"
        },
        "whitenoise": {
            "extras": [
                "brotli"
            ],
            "hashes": [
                "sha256:58c7a6cd811e275a6c91af22e96e87da0b1109e9a53bb7464116ef4c963bf636",
                "sha256:a1ae85e01fdc9815d12fa33f17765bc132ed2c54fa76daf9e39e879dd93566f6"
            ],
            "markers": "python_version >= '3.8'",
            "version": "==6.7.0"
        },
        "zipp": {
            "hashes": [
                "sha256:0145e43d89664cfe1a2e533adc75adafed82fe2da404b4bbb6b026c0157bdb31",
                "sha256:58da6168be89f0be59beb194da1250516fdaa062ccebd30127ac65d30045e10d"
            ],
            "markers": "python_version >= '3.8'",
            "version": "==3.20.0"
        }
    },
    "develop": {}
}
